
Microsoft Visual Studio Solution File, Format Version 12.00
# Visual Studio Version 17
VisualStudioVersion = 17.6.33829.357
MinimumVisualStudioVersion = 10.0.40219.1
Project("{FAE04EC0-301F-11D3-BF4B-00C04F79EFBC}") = "ClientApp", "ClientApp\ClientApp.csproj", "{B35B3131-39AA-49DD-B606-41B63974953E}"
EndProject
Global
	GlobalSection(SolutionConfigurationPlatforms) = preSolution
		Debug|Any CPU = Debug|Any CPU
		Release|Any CPU = Release|Any CPU
	EndGlobalSection
	GlobalSection(ProjectConfigurationPlatforms) = postSolution
		{B35B3131-39AA-49DD-B606-41B63974953E}.Debug|Any CPU.ActiveCfg = Debug|Any CPU
		{B35B3131-39AA-49DD-B606-41B63974953E}.Debug|Any CPU.Build.0 = Debug|Any CPU
		{B35B3131-39AA-49DD-B606-41B63974953E}.Release|Any CPU.ActiveCfg = Release|Any CPU
		{B35B3131-39AA-49DD-B606-41B63974953E}.Release|Any CPU.Build.0 = Release|Any CPU
	EndGlobalSection
	GlobalSection(SolutionProperties) = preSolution
		HideSolutionNode = FALSE
	EndGlobalSection
	GlobalSection(ExtensibilityGlobals) = postSolution
		SolutionGuid = {A425D8F5-F105-4964-AB2C-B105D1D8A8D3}
	EndGlobalSection
EndGlobal
